{
  "version": "5",
  "specifiers": {
    "jsr:@denosaurs/plug@1": "1.0.5",
    "jsr:@denosaurs/plug@1.0.5": "1.0.5",
    "jsr:@gfx/canvas@~0.5.8": "0.5.8",
    "jsr:@std/assert@0.214": "0.214.0",
    "jsr:@std/assert@0.217": "0.217.0",
    "jsr:@std/assert@^1.0.13": "1.0.13",
    "jsr:@std/assert@^1.0.8": "1.0.13",
    "jsr:@std/async@^1.0.13": "1.0.13",
    "jsr:@std/bytes@^1.0.5": "1.0.6",
    "jsr:@std/cli@^1.0.6": "1.0.19",
    "jsr:@std/csv@^1.0.4": "1.0.6",
    "jsr:@std/data-structures@^1.0.8": "1.0.8",
    "jsr:@std/encoding@0.214": "0.214.0",
    "jsr:@std/encoding@0.217.0": "0.217.0",
    "jsr:@std/encoding@^1.0.5": "1.0.10",
    "jsr:@std/expect@^1.0.8": "1.0.16",
    "jsr:@std/fmt@0.214": "0.214.0",
    "jsr:@std/fs@0.214": "0.214.0",
    "jsr:@std/fs@0.217.0": "0.217.0",
    "jsr:@std/fs@^1.0.17": "1.0.18",
    "jsr:@std/fs@^1.0.5": "1.0.18",
    "jsr:@std/internal@^1.0.6": "1.0.8",
    "jsr:@std/internal@^1.0.7": "1.0.8",
    "jsr:@std/internal@^1.0.8": "1.0.8",
    "jsr:@std/path@0.214": "0.214.0",
    "jsr:@std/path@0.217": "0.217.0",
    "jsr:@std/path@0.217.0": "0.217.0",
    "jsr:@std/path@^1.0.8": "1.1.0",
    "jsr:@std/path@^1.1.0": "1.1.0",
    "jsr:@std/streams@^1.0.9": "1.0.9",
    "jsr:@std/testing@*": "1.0.13",
    "jsr:@std/testing@^1.0.5": "1.0.13",
    "npm:@aws-sdk/client-s3@3": "3.1075.0",
    "npm:@types/node@*": "22.15.15",
    "npm:openai@*": "5.6.0",
    "npm:openai@^5.6.0": "5.6.0",
    "npm:tesseract.js@*": "6.0.1",
    "npm:tesseract.js@^6.0.1": "6.0.1"
  },
  "jsr": {
    "@denosaurs/plug@1.0.5": {
      "integrity": "04cd988da558adc226202d88c3a434d5fcc08146eaf4baf0cea0c2284b16d2bf",
      "dependencies": [
        "jsr:@std/encoding@0.214",
        "jsr:@std/fmt",
        "jsr:@std/fs@0.214",
        "jsr:@std/path@0.214"
      ]
    },
    "@gfx/canvas@0.5.8": {
      "integrity": "a61c80292528e7433d428556b494a0ea496dd8e6abd4a338b8b25fc04e46ea3e",
      "dependencies": [
        "jsr:@denosaurs/plug@1",
        "jsr:@denosaurs/plug@1.0.5",
        "jsr:@std/encoding@0.217.0",
        "jsr:@std/fs@0.217.0",
        "jsr:@std/path@0.217.0"
      ]
    },
    "@std/assert@0.214.0": {
      "integrity": "55d398de76a9828fd3b1aa653f4dba3eee4c6985d90c514865d2be9bd082b140"
    },
    "@std/assert@0.217.0": {
      "integrity": "c98e279362ca6982d5285c3b89517b757c1e3477ee9f14eb2fdf80a45aaa9642"
    },
    "@std/assert@1.0.13": {
      "integrity": "ae0d31e41919b12c656c742b22522c32fb26ed0cba32975cb0de2a273cb68b29",
      "dependencies": [
        "jsr:@std/internal@^1.0.6"
      ]
    },
    "@std/async@1.0.13": {
      "integrity": "1d76ca5d324aef249908f7f7fe0d39aaf53198e5420604a59ab5c035adc97c96"
    },
    "@std/bytes@1.0.6": {
      "integrity": "f6ac6adbd8ccd99314045f5703e23af0a68d7f7e58364b47d2c7f408aeb5820a"
    },
    "@std/cli@1.0.19": {
      "integrity": "b3601a54891f89f3f738023af11960c4e6f7a45dc76cde39a6861124cba79e88"
    },
    "@std/csv@1.0.6": {
      "integrity": "52ef0e62799a0028d278fa04762f17f9bd263fad9a8e7f98c14fbd371d62d9fd",
      "dependencies": [
        "jsr:@std/streams"
      ]
    },
    "@std/data-structures@1.0.8": {
      "integrity": "2fb7219247e044c8fcd51341788547575653c82ae2c759ff209e0263ba7d9b66"
    },
    "@std/encoding@0.214.0": {
      "integrity": "30a8713e1db22986c7e780555ffd2fefd1d4f9374d734bb41f5970f6c3352af5"
    },
    "@std/encoding@0.217.0": {
      "integrity": "b03e8ff94c98d6b6a02c02c5cf8e5d203400155516248964fc4559abc04669dc"
    },
    "@std/encoding@1.0.10": {
      "integrity": "8783c6384a2d13abd5e9e87a7ae0520a30e9f56aeeaa3bdf910a3eaaf5c811a1"
    },
    "@std/expect@1.0.16": {
      "integrity": "ceeef6dda21f256a5f0f083fcc0eaca175428b523359a9b1d9b3a1df11cc7391",
      "dependencies": [
        "jsr:@std/assert@^1.0.13",
        "jsr:@std/internal@^1.0.7"
      ]
    },
    "@std/fmt@0.214.0": {
      "integrity": "40382cff88a0783b347b4d69b94cf931ab8e549a733916718cb866c08efac4d4"
    },
    "@std/fs@0.214.0": {
      "integrity": "bc880fea0be120cb1550b1ed7faf92fe071003d83f2456a1e129b39193d85bea",
      "dependencies": [
        "jsr:@std/assert@0.214",
        "jsr:@std/path@0.214"
      ]
    },
    "@std/fs@0.217.0": {
      "integrity": "0bfff5f3618d68c385b28b4ffbf3a15c98293a0f1186444458b62e0111ce77b2",
      "dependencies": [
        "jsr:@std/assert@0.217",
        "jsr:@std/path@0.217"
      ]
    },
    "@std/fs@1.0.18": {
      "integrity": "24bcad99eab1af4fde75e05da6e9ed0e0dce5edb71b7e34baacf86ffe3969f3a",
      "dependencies": [
        "jsr:@std/path@^1.1.0"
      ]
    },
    "@std/internal@1.0.8": {
      "integrity": "fc66e846d8d38a47cffd274d80d2ca3f0de71040f855783724bb6b87f60891f5"
    },
    "@std/path@0.214.0": {
      "integrity": "d5577c0b8d66f7e8e3586d864ebdf178bb326145a3611da5a51c961740300285",
      "dependencies": [
        "jsr:@std/assert@0.214"
      ]
    },
    "@std/path@0.217.0": {
      "integrity": "1217cc25534bca9a2f672d7fe7c6f356e4027df400c0e85c0ef3e4343bc67d11",
      "dependencies": [
        "jsr:@std/assert@0.217"
      ]
    },
    "@std/path@1.1.0": {
      "integrity": "ddc94f8e3c275627281cbc23341df6b8bcc874d70374f75fec2533521e3d6886"
    },
    "@std/streams@1.0.9": {
      "integrity": "a9d26b1988cdd7aa7b1f4b51e1c36c1557f3f252880fa6cc5b9f37078b1a5035",
      "dependencies": [
        "jsr:@std/bytes"
      ]
    },
    "@std/testing@1.0.13": {
      "integrity": "74418be16f627dfe996937ab0ffbdbda9c1f35534b78724658d981492f121e71",
      "dependencies": [
        "jsr:@std/assert@^1.0.13",
        "jsr:@std/async",
        "jsr:@std/data-structures",
        "jsr:@std/fs@^1.0.17",
        "jsr:@std/internal@^1.0.8",
        "jsr:@std/path@^1.1.0"
      ]
    }
  },
  "npm": {
    "@aws-crypto/crc32@5.2.0": {
      "integrity": "sha512-nLbCWqQNgUiwwtFsen1AdzAtvuLRsQS8rYgMuxCrdKf9kOssamGLuPwyTY9wyYblNr9+1XM8v6zoDTPPSIeANg==",
      "dependencies": [
        "@aws-crypto/util",
        "@aws-sdk/types",
        "tslib"
      ]
    },
    "@aws-crypto/crc32c@5.2.0": {
      "integrity": "sha512-+iWb8qaHLYKrNvGRbiYRHSdKRWhto5XlZUEBwDjYNf+ly5SVYG6zEoYIdxvf5R3zyeP16w4PLBn3rH1xc74Rag==",
      "dependencies": [
        "@aws-crypto/util",
        "@aws-sdk/types",
        "tslib"
      ]
    },
    "@aws-crypto/sha1-browser@5.2.0": {
      "integrity": "sha512-OH6lveCFfcDjX4dbAvCFSYUjJZjDr/3XJ3xHtjn3Oj5b9RjojQo8npoLeA/bNwkOkrSQ0wgrHzXk4tDRxGKJeg==",
      "dependencies": [
        "@aws-crypto/supports-web-crypto",
        "@aws-crypto/util",
        "@aws-sdk/types",
        "@aws-sdk/util-locate-window",
        "@smithy/util-utf8",
        "tslib"
      ]
    },
    "@aws-crypto/sha256-browser@5.2.0": {
      "integrity": "sha512-AXfN/lGotSQwu6HNcEsIASo7kWXZ5HYWvfOmSNKDsEqC4OashTp8alTmaz+F7TC2L083SFv5RdB+qU3Vs1kZqw==",
      "dependencies": [
        "@aws-crypto/sha256-js",
        "@aws-crypto/supports-web-crypto",
        "@aws-crypto/util",
        "@aws-sdk/types",
        "@aws-sdk/util-locate-window",
        "@smithy/util-utf8",
        "tslib"
      ]
    },
    "@aws-crypto/sha256-js@5.2.0": {
      "integrity": "sha512-FFQQyu7edu4ufvIZ+OadFpHHOt+eSTBaYaki44c+akjg7qZg9oOQeLlk77F6tSYqjDAFClrHJk9tMf0HdVyOvA==",
      "dependencies": [
        "@aws-crypto/util",
        "@aws-sdk/types",
        "tslib"
      ]
    },
    "@aws-crypto/supports-web-crypto@5.2.0": {
      "integrity": "sha512-iAvUotm021kM33eCdNfwIN//F77/IADDSs58i+MDaOqFrVjZo9bAal0NK7HurRuWLLpF1iLX7gbWrjHjeo+YFg==",
      "dependencies": [
        "tslib"
      ]
    },
    "@aws-crypto/util@5.2.0": {
      "integrity": "sha512-4RkU9EsI6ZpBve5fseQlGNUWKMa1RLPQ1dnjnQoe07ldfIzcsGb5hC5W0Dm7u423KWzawlrpbjXBrXCEv9zazQ==",
      "dependencies": [
        "@aws-sdk/types",
        "@smithy/util-utf8",
        "tslib"
      ]
    },
    "@aws-sdk/checksums@3.1000.8": {
      "integrity": "sha512-v0U9S7gBIme3OTgt1LdbAF4RpvavCc+4GK1+1xqAcqtbrHsEhjQo6R45LKcjhs/+WrRJij1Y0Gztw7QPAIeUfA==",
      "dependencies": [
        "@aws-crypto/crc32",
        "@aws-crypto/crc32c",
        "@aws-crypto/util",
        "@aws-sdk/core",
        "@aws-sdk/types",
        "@smithy/core",
        "@smithy/types",
        "tslib"
      ]
    },
    "@aws-sdk/client-s3@3.1075.0": {
      "integrity": "sha512-h1A6nIl1YX6Y45enGsTK7ef3ZrOnBiQJ1qF5R2K/nMWfsu6A9mc2Y5T66nxerABzyjjyyvign3MrzafnFoQKmA==",
      "dependencies": [
        "@aws-crypto/sha1-browser",
        "@aws-crypto/sha256-browser",
        "@aws-crypto/sha256-js",
        "@aws-sdk/core",
        "@aws-sdk/credential-provider-node",
        "@aws-sdk/middleware-flexible-checksums",
        "@aws-sdk/middleware-sdk-s3",
        "@aws-sdk/signature-v4-multi-region",
        "@aws-sdk/types",
        "@smithy/core",
        "@smithy/fetch-http-handler",
        "@smithy/node-http-handler",
        "@smithy/types",
        "tslib"
      ]
    },
    "@aws-sdk/core@3.974.23": {
      "integrity": "sha512-MiWR/uWjxjFXGzrE0Ghc5lWxUxzHsUWFhV+OX7M4cR9SrmrnZs6TXavnCWnzzdwJeFri34xQo81rvGNzK3c4BQ==",
      "dependencies": [
        "@aws-sdk/types",
        "@aws-sdk/xml-builder",
        "@aws/lambda-invoke-store",
        "@smithy/core",
        "@smithy/signature-v4",
        "@smithy/types",
        "bowser",
        "tslib"
      ]
    },
    "@aws-sdk/credential-provider-env@3.972.49": {
      "integrity": "sha512-liB3yQNHCM9k/gu/w36XHMKPluT7HTlnGUhRbBGSISDQkcr/Sy1zsZabiuvQj8WG5yW573u9RehrBvvnIQ9OEQ==",
      "dependencies": [
        "@aws-sdk/core",
        "@aws-sdk/types",
        "@smithy/core",
        "@smithy/types",
        "tslib"
      ]
    },
    "@aws-sdk/credential-provider-http@3.972.51": {
      "integrity": "sha512-XET0H2oofciJ5lMRWNIvRjAP7Q3wv2XT+JtJJEdhPWUMwe3TvQ9qcxonpu7vXmNngncvFpi4E2It+Tamas/naA==",
      "dependencies": [
        "@aws-sdk/core",
        "@aws-sdk/types",
        "@smithy/core",
        "@smithy/fetch-http-handler",
        "@smithy/node-http-handler",
        "@smithy/types",
        "tslib"
      ]
    },
    "@aws-sdk/credential-provider-ini@3.972.56": {
      "integrity": "sha512-IAmc61hbgQiHht9U3x0tnRwz0lzdwOwD/i9voRgdJrKamF+JtmrBOsW9GwB7mfFonNWOWL4qARWYrF8veEMe3w==",
      "dependencies": [
        "@aws-sdk/core",
        "@aws-sdk/credential-provider-env",
        "@aws-sdk/credential-provider-http",
        "@aws-sdk/credential-provider-login",
        "@aws-sdk/credential-provider-process",
        "@aws-sdk/credential-provider-sso",
        "@aws-sdk/credential-provider-web-identity",
        "@aws-sdk/nested-clients",
        "@aws-sdk/types",
        "@smithy/core",
        "@smithy/credential-provider-imds",
        "@smithy/types",
        "tslib"
      ]
    },
    "@aws-sdk/credential-provider-login@3.972.55": {
      "integrity": "sha512-hBBkANo3cDn+h2qxxzER4a+J8JCO9o9Z/YYmU7iky6AcaarX5RRdRcHNC6SLdwY0vAXQygn6soUbDqPn3GghaA==",
      "dependencies": [
        "@aws-sdk/core",
        "@aws-sdk/nested-clients",
        "@aws-sdk/types",
        "@smithy/core",
        "@smithy/types",
        "tslib"
      ]
    },
    "@aws-sdk/credential-provider-node@3.972.58": {
      "integrity": "sha512-OyCLVmSI7pZO8hxwNVX6pXhTVlJqRBTp+ijdEfJSUj0RyjHnF602OfAarOzGq6wkGodeFkYBt8MmJ6A6ycRgWw==",
      "dependencies": [
        "@aws-sdk/credential-provider-env",
        "@aws-sdk/credential-provider-http",
        "@aws-sdk/credential-provider-ini",
        "@aws-sdk/credential-provider-process",
        "@aws-sdk/credential-provider-sso",
        "@aws-sdk/credential-provider-web-identity",
        "@aws-sdk/types",
        "@smithy/core",
        "@smithy/credential-provider-imds",
        "@smithy/types",
        "tslib"
      ]
    },
    "@aws-sdk/credential-provider-process@3.972.49": {
      "integrity": "sha512-C8h36lBuC/RnBSsjlO+dn6xZm3KbAl5vpJaVPAfQnMmz2/OISmKOc8XZcqMQgO2ADwBYNRMM6Kf3vz9G/TulMQ==",
      "dependencies": [
        "@aws-sdk/core",
        "@aws-sdk/types",
        "@smithy/core",
        "@smithy/types",
        "tslib"
      ]
    },
    "@aws-sdk/credential-provider-sso@3.972.55": {
      "integrity": "sha512-1FkOz74Ea5QGS9jtIoXp55T/IkSS3spv+nLTT07fRY/+T5xmEOqaYBVIaEmX4zTNvbV6g2lrtlaVKWEoNyJt3w==",
      "dependencies": [
        "@aws-sdk/core",
        "@aws-sdk/nested-clients",
        "@aws-sdk/token-providers",
        "@aws-sdk/types",
        "@smithy/core",
        "@smithy/types",
        "tslib"
      ]
    },
    "@aws-sdk/credential-provider-web-identity@3.972.55": {
      "integrity": "sha512-g2BoECD1q01kTPByi56+VLVvdWDzMkKIcr77qixpqH0okw2t0U5CoPv+6S8v/D1Y2Wa6QKKtn6XAtDzP+Kfpvg==",
      "dependencies": [
        "@aws-sdk/core",
        "@aws-sdk/nested-clients",
        "@aws-sdk/types",
        "@smithy/core",
        "@smithy/types",
        "tslib"
      ]
    },
    "@aws-sdk/middleware-flexible-checksums@3.974.33": {
      "integrity": "sha512-qMgQSPemQq2/eW/e/0+SpY4kYR5L7dUgBiVdEc5bd+ztHNv07ZMYiI+sTiir3TgKndFfglSw/VFi7oZJ6bZ63g==",
      "dependencies": [
        "@aws-sdk/checksums",
        "tslib"
      ]
    },
    "@aws-sdk/middleware-sdk-s3@3.972.54": {
      "integrity": "sha512-GDfDQ0gwLFRKN9gWIKcmVrHJ3e7XagnY7N1LLzMVNgnOnuY7f/ALgmy3CuBjosWD95T/Z6e+gs1IeWmLPkyLKQ==",
      "dependencies": [
        "@aws-sdk/core",
        "@aws-sdk/signature-v4-multi-region",
        "@aws-sdk/types",
        "@smithy/core",
        "@smithy/types",
        "tslib"
      ]
    },
    "@aws-sdk/nested-clients@3.997.23": {
      "integrity": "sha512-gO93ZPsI2bxeFZD42f1/qjDw6FAZkNZcKRO94LIiT03fzOmcJ9e/tunxjVjA1Rl69ClmVJzz8H3G9CdKef10PA==",
      "dependencies": [
        "@aws-crypto/sha256-browser",
        "@aws-crypto/sha256-js",
        "@aws-sdk/core",
        "@aws-sdk/signature-v4-multi-region",
        "@aws-sdk/types",
        "@smithy/core",
        "@smithy/fetch-http-handler",
        "@smithy/node-http-handler",
        "@smithy/types",
        "tslib"
      ]
    },
    "@aws-sdk/signature-v4-multi-region@3.996.35": {
      "integrity": "sha512-6L/VWs+Wch2stHemCGTmUNqKLMzURxQDK5boNG3Jn3kAOp71meDUuS5sbObpEvFxHDq0uWeSLFDNSYsjNt+Dlg==",
      "dependencies": [
        "@aws-sdk/types",
        "@smithy/signature-v4",
        "@smithy/types",
        "tslib"
      ]
    },
    "@aws-sdk/token-providers@3.1074.0": {
      "integrity": "sha512-pv80IzgGW4RnXWtft692chZOM9i6PhebVsLCcnaM4dBEPZva2fE6FXAHs76G7Rc7s3yGyX/68G0nZMrUy+Vmpg==",
      "dependencies": [
        "@aws-sdk/core",
        "@aws-sdk/nested-clients",
        "@aws-sdk/types",
        "@smithy/core",
        "@smithy/types",
        "tslib"
      ]
    },
    "@aws-sdk/types@3.973.13": {
      "integrity": "sha512-pEHZqRkAlHfnfAU9tK+WpKv/gBNjGJrHMgA3A0iYRGyswBS2t0pfez+lWlwktb3Bqa0ovh7w/QJTFwp3fDxLNg==",
      "dependencies": [
        "@smithy/types",
        "tslib"
      ]
    },
    "@aws-sdk/util-locate-window@3.965.8": {
      "integrity": "sha512-uUbMs1cBZPafD0ohUj6EwNf0fPZ534NvBxHox4hjX+0Rxq5paSYUem7+hi833pYrzrcnBATKIYpR02MDXT5M9g==",
      "dependencies": [
        "tslib"
      ]
    },
    "@aws-sdk/xml-builder@3.972.31": {
      "integrity": "sha512-SzE4Pgyl+hDF+BuyuzxUSpwnuUu9lJuO1YGgteG89/4Qv0+2IQiVQqdbPV32IozLvXWQChPQcdkk/sKvb1QHiQ==",
      "dependencies": [
        "@smithy/types",
        "tslib"
      ]
    },
    "@aws/lambda-invoke-store@0.2.4": {
      "integrity": "sha512-iY8yvjE0y651BixKNPgmv1WrQc+GZ142sb0z4gYnChDDY2YqI4P/jsSopBWrKfAt7LOJAkOXt7rC/hms+WclQQ=="
    },
    "@smithy/core@3.26.0": {
      "integrity": "sha512-mLUktFAn+Pa2agl1J7VgtYNFWCX8/b4GMJSK1hCu4YCvtBfM6F8Os3EP4ry+DFFlXOf3wyvlgXhuUdFoy52D3g==",
      "dependencies": [
        "@aws-crypto/crc32",
        "@smithy/types",
        "tslib"
      ]
    },
    "@smithy/credential-provider-imds@4.4.2": {
      "integrity": "sha512-18UMDMyrAbDcpmL1gLUA7ww0fRTcdCrSjSJOi2Sbld+tVjwD/pW+OAwjlScFLR7vvBnhZrIPQ7kVuTf1mnJLug==",
      "dependencies": [
        "@smithy/core",
        "@smithy/types",
        "tslib"
      ]
    },
    "@smithy/fetch-http-handler@5.5.2": {
      "integrity": "sha512-Ei/UK/QMhq0rKaMqGPlOAkE2yS9DZeYmZdk1RAKc3vp3zxgleZHZyBLlZv8yLsxljX4svCRuMTD6u3LLIcU4Bg==",
      "dependencies": [
        "@smithy/core",
        "@smithy/types",
        "tslib"
      ]
    },
    "@smithy/is-array-buffer@2.2.0": {
      "integrity": "sha512-GGP3O9QFD24uGeAXYUjwSTXARoqpZykHadOmA8G5vfJPK0/DC67qa//0qvqrJzL1xc8WQWX7/yc7fwudjPHPhA==",
      "dependencies": [
        "tslib"
      ]
    },
    "@smithy/node-http-handler@4.8.2": {
      "integrity": "sha512-wfl1uwrAqMH9/pi4kqBo5LBcFwrJLxuDLqL7p7qNcJIFcyZDUc6pzhYk4CYv+DP7fIUpQCZumwNnkhPKS52osQ==",
      "dependencies": [
        "@smithy/core",
        "@smithy/types",
        "tslib"
      ]
    },
    "@smithy/signature-v4@5.5.2": {
      "integrity": "sha512-7xHpmPY4rt0IOmeAA8EfjgEH8isT+587TCdy9H6a7d4OMi5CQ0oEHhWllunvPu4j4Cq0vTFwdxXN/kABWPjdyA==",
      "dependencies": [
        "@smithy/core",
        "@smithy/types",
        "tslib"
      ]
    },
    "@smithy/types@4.15.0": {
      "integrity": "sha512-Z5TAOxygoFvybJV3igo5SloFflSokHx2hu1eFA+DxDTcn+FtKxUSui+rbTRG1pAafMA888Z3MVvCWUuvCrTXjg==",
      "dependencies": [
        "tslib"
      ]
    },
    "@smithy/util-buffer-from@2.2.0": {
      "integrity": "sha512-IJdWBbTcMQ6DA0gdNhh/BwrLkDR+ADW5Kr1aZmd4k3DIF6ezMV4R2NIAmT08wQJ3yUK82thHWmC/TnK/wpMMIA==",
      "dependencies": [
        "@smithy/is-array-buffer",
        "tslib"
      ]
    },
    "@smithy/util-utf8@2.3.0": {
      "integrity": "sha512-R8Rdn8Hy72KKcebgLiv8jQcQkXoLMOGGv5uI1/k0l+snqkOzQ1R0ChUBCxWMlBsFMekWjq0wRudIweFs7sKT5A==",
      "dependencies": [
        "@smithy/util-buffer-from",
        "tslib"
      ]
    },
    "@types/node@22.15.15": {
      "integrity": "sha512-R5muMcZob3/Jjchn5LcO8jdKwSCbzqmPB6ruBxMcf9kbxtniZHP327s6C37iOfuw8mbKK3cAQa7sEl7afLrQ8A==",
      "dependencies": [
        "undici-types"
      ]
    },
    "bmp-js@0.1.0": {
      "integrity": "sha512-vHdS19CnY3hwiNdkaqk93DvjVLfbEcI8mys4UjuWrlX1haDmroo8o4xCzh4wD6DGV6HxRCyauwhHRqMTfERtjw=="
    },
    "bowser@2.14.1": {
      "integrity": "sha512-tzPjzCxygAKWFOJP011oxFHs57HzIhOEracIgAePE4pqB3LikALKnSzUyU4MGs9/iCEUuHlAJTjTc5M+u7YEGg=="
    },
    "idb-keyval@6.2.2": {
      "integrity": "sha512-yjD9nARJ/jb1g+CvD0tlhUHOrJ9Sy0P8T9MF3YaLlHnSRpwPfpTX0XIvpmw3gAJUmEu3FiICLBDPXVwyEvrleg=="
    },
    "is-url@1.2.4": {
      "integrity": "sha512-ITvGim8FhRiYe4IQ5uHSkj7pVaPDrCTkNd3yq3cV7iZAcJdHTUMPMEHcqSOy9xZ9qFenQCvi+2wjH9a1nXqHww=="
    },
    "node-fetch@2.7.0": {
      "integrity": "sha512-c4FRfUm/dbcWZ7U+1Wq0AwCyFL+3nt2bEw05wfxSz+DWpWsitgmSgYmy2dQdWyKC1694ELPqMs/YzUSNozLt8A==",
      "dependencies": [
        "whatwg-url"
      ]
    },
    "openai@5.6.0": {
      "integrity": "sha512-jNH5z+hYAdOMZXyEt0yZ7246s+UZjg2AwFQqkAhZIPPjxNtHHO5mykOefau6FkOqj16aC94MOdJl/rZBcKj/cQ==",
      "bin": true
    },
    "opencollective-postinstall@2.0.3": {
      "integrity": "sha512-8AV/sCtuzUeTo8gQK5qDZzARrulB3egtLzFgteqB2tcT4Mw7B8Kt7JcDHmltjz6FOAHsvTevk70gZEbhM4ZS9Q==",
      "bin": true
    },
    "regenerator-runtime@0.13.11": {
      "integrity": "sha512-kY1AZVr2Ra+t+piVaJ4gxaFaReZVH40AKNo7UCX6W+dEwBo/2oZJzqfuN1qLq1oL45o56cPaTXELwrTh8Fpggg=="
    },
    "tesseract.js-core@6.0.0": {
      "integrity": "sha512-1Qncm/9oKM7xgrQXZXNB+NRh19qiXGhxlrR8EwFbK5SaUbPZnS5OMtP/ghtqfd23hsr1ZvZbZjeuAGcMxd/ooA=="
    },
    "tesseract.js@6.0.1": {
      "integrity": "sha512-/sPvMvrCtgxnNRCjbTYbr7BRu0yfWDsMZQ2a/T5aN/L1t8wUQN6tTWv6p6FwzpoEBA0jrN2UD2SX4QQFRdoDbA==",
      "dependencies": [
        "bmp-js",
        "idb-keyval",
        "is-url",
        "node-fetch",
        "opencollective-postinstall",
        "regenerator-runtime",
        "tesseract.js-core",
        "wasm-feature-detect",
        "zlibjs"
      ],
      "scripts": true
    },
    "tr46@0.0.3": {
      "integrity": "sha512-N3WMsuqV66lT30CrXNbEjx4GEwlow3v6rr4mCcv6prnfwhS01rkgyFdjPNBYd9br7LpXV1+Emh01fHnq2Gdgrw=="
    },
    "tslib@2.8.1": {
      "integrity": "sha512-oJFu94HQb+KVduSUQL7wnpmqnfmLsOA/nAh6b6EH0wCEoK0/mPeXU6c3wKDV83MkOuHPRHtSXKKU99IBazS/2w=="
    },
    "undici-types@6.21.0": {
      "integrity": "sha512-iwDZqg0QAGrg9Rav5H4n0M64c3mkR59cJ6wQp+7C4nI0gsmExaedaYLNO44eT4AtBBwjbTiGPMlt2Md0T9H9JQ=="
    },
    "wasm-feature-detect@1.8.0": {
      "integrity": "sha512-zksaLKM2fVlnB5jQQDqKXXwYHLQUVH9es+5TOOHwGOVJOCeRBCiPjwSg+3tN2AdTCzjgli4jijCH290kXb/zWQ=="
    },
    "webidl-conversions@3.0.1": {
      "integrity": "sha512-2JAn3z8AR6rjK8Sm8orRC0h/bcl/DqL7tRPdGZ4I1CjdF+EaMLmYxBHyXuKL849eucPFhvBoxMsflfOb8kxaeQ=="
    },
    "whatwg-url@5.0.0": {
      "integrity": "sha512-saE57nupxk6v3HY35+jzBwYa0rKSy0XR8JSxZPwgLr7ys0IBzhGviA1/TUGJLmSVqs8pb9AnvICXEuOHLprYTw==",
      "dependencies": [
        "tr46",
        "webidl-conversions"
      ]
    },
    "zlibjs@0.3.1": {
      "integrity": "sha512-+J9RrgTKOmlxFSDHo0pI1xM6BLVUv+o0ZT9ANtCxGkjIVCCUdx9alUF8Gm+dGLKbkkkidWIHFDZHDMpfITt4+w=="
    }
  },
  "workspace": {
    "dependencies": [
      "jsr:@gfx/canvas@~0.5.8",
      "jsr:@std/assert@^1.0.8",
      "jsr:@std/cli@^1.0.6",
      "jsr:@std/csv@^1.0.4",
      "jsr:@std/encoding@^1.0.5",
      "jsr:@std/expect@^1.0.8",
      "jsr:@std/fs@^1.0.5",
      "jsr:@std/path@^1.0.8",
      "jsr:@std/testing@^1.0.5",
      "npm:@aws-sdk/client-s3@3",
      "npm:openai@^5.6.0"
    ]
  }
}
