{
  "version": "5",
  "specifiers": {
    "jsr:@denosaurs/plug@1": "1.0.5",
    "jsr:@denosaurs/plug@1.0.5": "1.0.5",
    "jsr:@gfx/canvas@~0.5.8": "0.5.8",
    "jsr:@std/assert@0.214": "0.214.0",
    "jsr:@std/assert@0.217": "0.217.0",
    "jsr:@std/assert@^1.0.13": "1.0.13",
    "jsr:@std/assert@^1.0.8": "1.0.13",
    "jsr:@std/async@^1.0.13": "1.0.13",
    "jsr:@std/bytes@^1.0.5": "1.0.6",
    "jsr:@std/cli@^1.0.6": "1.0.19",
    "jsr:@std/csv@^1.0.4": "1.0.6",
    "jsr:@std/data-structures@^1.0.8": "1.0.8",
    "jsr:@std/encoding@0.214": "0.214.0",
    "jsr:@std/encoding@0.217.0": "0.217.0",
    "jsr:@std/encoding@^1.0.5": "1.0.10",
    "jsr:@std/expect@^1.0.8": "1.0.16",
    "jsr:@std/fmt@0.214": "0.214.0",
    "jsr:@std/fs@0.214": "0.214.0",
    "jsr:@std/fs@0.217.0": "0.217.0",
    "jsr:@std/fs@^1.0.17": "1.0.18",
    "jsr:@std/fs@^1.0.5": "1.0.18",
    "jsr:@std/internal@^1.0.6": "1.0.8",
    "jsr:@std/internal@^1.0.7": "1.0.8",
    "jsr:@std/internal@^1.0.8": "1.0.8",
    "jsr:@std/path@0.214": "0.214.0",
    "jsr:@std/path@0.217": "0.217.0",
    "jsr:@std/path@0.217.0": "0.217.0",
    "jsr:@std/path@^1.0.8": "1.1.0",
    "jsr:@std/path@^1.1.0": "1.1.0",
    "jsr:@std/streams@^1.0.9": "1.0.9",
    "jsr:@std/testing@^1.0.5": "1.0.13",
    "npm:@types/node@*": "22.15.15",
    "npm:openai@*": "5.6.0",
    "npm:openai@^5.6.0": "5.6.0",
    "npm:tesseract.js@*": "6.0.1"
  },
  "jsr": {
    "@denosaurs/plug@1.0.5": {
      "integrity": "04cd988da558adc226202d88c3a434d5fcc08146eaf4baf0cea0c2284b16d2bf",
      "dependencies": [
        "jsr:@std/encoding@0.214",
        "jsr:@std/fmt",
        "jsr:@std/fs@0.214",
        "jsr:@std/path@0.214"
      ]
    },
    "@gfx/canvas@0.5.8": {
      "integrity": "a61c80292528e7433d428556b494a0ea496dd8e6abd4a338b8b25fc04e46ea3e",
      "dependencies": [
        "jsr:@denosaurs/plug@1",
        "jsr:@denosaurs/plug@1.0.5",
        "jsr:@std/encoding@0.217.0",
        "jsr:@std/fs@0.217.0",
        "jsr:@std/path@0.217.0"
      ]
    },
    "@std/assert@0.214.0": {
      "integrity": "55d398de76a9828fd3b1aa653f4dba3eee4c6985d90c514865d2be9bd082b140"
    },
    "@std/assert@0.217.0": {
      "integrity": "c98e279362ca6982d5285c3b89517b757c1e3477ee9f14eb2fdf80a45aaa9642"
    },
    "@std/assert@1.0.13": {
      "integrity": "ae0d31e41919b12c656c742b22522c32fb26ed0cba32975cb0de2a273cb68b29",
      "dependencies": [
        "jsr:@std/internal@^1.0.6"
      ]
    },
    "@std/async@1.0.13": {
      "integrity": "1d76ca5d324aef249908f7f7fe0d39aaf53198e5420604a59ab5c035adc97c96"
    },
    "@std/bytes@1.0.6": {
      "integrity": "f6ac6adbd8ccd99314045f5703e23af0a68d7f7e58364b47d2c7f408aeb5820a"
    },
    "@std/cli@1.0.19": {
      "integrity": "b3601a54891f89f3f738023af11960c4e6f7a45dc76cde39a6861124cba79e88"
    },
    "@std/csv@1.0.6": {
      "integrity": "52ef0e62799a0028d278fa04762f17f9bd263fad9a8e7f98c14fbd371d62d9fd",
      "dependencies": [
        "jsr:@std/streams"
      ]
    },
    "@std/data-structures@1.0.8": {
      "integrity": "2fb7219247e044c8fcd51341788547575653c82ae2c759ff209e0263ba7d9b66"
    },
    "@std/encoding@0.214.0": {
      "integrity": "30a8713e1db22986c7e780555ffd2fefd1d4f9374d734bb41f5970f6c3352af5"
    },
    "@std/encoding@0.217.0": {
      "integrity": "b03e8ff94c98d6b6a02c02c5cf8e5d203400155516248964fc4559abc04669dc"
    },
    "@std/encoding@1.0.10": {
      "integrity": "8783c6384a2d13abd5e9e87a7ae0520a30e9f56aeeaa3bdf910a3eaaf5c811a1"
    },
    "@std/expect@1.0.16": {
      "integrity": "ceeef6dda21f256a5f0f083fcc0eaca175428b523359a9b1d9b3a1df11cc7391",
      "dependencies": [
        "jsr:@std/assert@^1.0.13",
        "jsr:@std/internal@^1.0.7"
      ]
    },
    "@std/fmt@0.214.0": {
      "integrity": "40382cff88a0783b347b4d69b94cf931ab8e549a733916718cb866c08efac4d4"
    },
    "@std/fs@0.214.0": {
      "integrity": "bc880fea0be120cb1550b1ed7faf92fe071003d83f2456a1e129b39193d85bea",
      "dependencies": [
        "jsr:@std/assert@0.214",
        "jsr:@std/path@0.214"
      ]
    },
    "@std/fs@0.217.0": {
      "integrity": "0bfff5f3618d68c385b28b4ffbf3a15c98293a0f1186444458b62e0111ce77b2",
      "dependencies": [
        "jsr:@std/assert@0.217",
        "jsr:@std/path@0.217"
      ]
    },
    "@std/fs@1.0.18": {
      "integrity": "24bcad99eab1af4fde75e05da6e9ed0e0dce5edb71b7e34baacf86ffe3969f3a",
      "dependencies": [
        "jsr:@std/path@^1.1.0"
      ]
    },
    "@std/internal@1.0.8": {
      "integrity": "fc66e846d8d38a47cffd274d80d2ca3f0de71040f855783724bb6b87f60891f5"
    },
    "@std/path@0.214.0": {
      "integrity": "d5577c0b8d66f7e8e3586d864ebdf178bb326145a3611da5a51c961740300285",
      "dependencies": [
        "jsr:@std/assert@0.214"
      ]
    },
    "@std/path@0.217.0": {
      "integrity": "1217cc25534bca9a2f672d7fe7c6f356e4027df400c0e85c0ef3e4343bc67d11",
      "dependencies": [
        "jsr:@std/assert@0.217"
      ]
    },
    "@std/path@1.1.0": {
      "integrity": "ddc94f8e3c275627281cbc23341df6b8bcc874d70374f75fec2533521e3d6886"
    },
    "@std/streams@1.0.9": {
      "integrity": "a9d26b1988cdd7aa7b1f4b51e1c36c1557f3f252880fa6cc5b9f37078b1a5035",
      "dependencies": [
        "jsr:@std/bytes"
      ]
    },
    "@std/testing@1.0.13": {
      "integrity": "74418be16f627dfe996937ab0ffbdbda9c1f35534b78724658d981492f121e71",
      "dependencies": [
        "jsr:@std/assert@^1.0.13",
        "jsr:@std/async",
        "jsr:@std/data-structures",
        "jsr:@std/fs@^1.0.17",
        "jsr:@std/internal@^1.0.8",
        "jsr:@std/path@^1.1.0"
      ]
    }
  },
  "npm": {
    "@types/node@22.15.15": {
      "integrity": "sha512-R5muMcZob3/Jjchn5LcO8jdKwSCbzqmPB6ruBxMcf9kbxtniZHP327s6C37iOfuw8mbKK3cAQa7sEl7afLrQ8A==",
      "dependencies": [
        "undici-types"
      ]
    },
    "bmp-js@0.1.0": {
      "integrity": "sha512-vHdS19CnY3hwiNdkaqk93DvjVLfbEcI8mys4UjuWrlX1haDmroo8o4xCzh4wD6DGV6HxRCyauwhHRqMTfERtjw=="
    },
    "idb-keyval@6.2.2": {
      "integrity": "sha512-yjD9nARJ/jb1g+CvD0tlhUHOrJ9Sy0P8T9MF3YaLlHnSRpwPfpTX0XIvpmw3gAJUmEu3FiICLBDPXVwyEvrleg=="
    },
    "is-url@1.2.4": {
      "integrity": "sha512-ITvGim8FhRiYe4IQ5uHSkj7pVaPDrCTkNd3yq3cV7iZAcJdHTUMPMEHcqSOy9xZ9qFenQCvi+2wjH9a1nXqHww=="
    },
    "node-fetch@2.7.0": {
      "integrity": "sha512-c4FRfUm/dbcWZ7U+1Wq0AwCyFL+3nt2bEw05wfxSz+DWpWsitgmSgYmy2dQdWyKC1694ELPqMs/YzUSNozLt8A==",
      "dependencies": [
        "whatwg-url"
      ]
    },
    "openai@5.6.0": {
      "integrity": "sha512-jNH5z+hYAdOMZXyEt0yZ7246s+UZjg2AwFQqkAhZIPPjxNtHHO5mykOefau6FkOqj16aC94MOdJl/rZBcKj/cQ==",
      "bin": true
    },
    "opencollective-postinstall@2.0.3": {
      "integrity": "sha512-8AV/sCtuzUeTo8gQK5qDZzARrulB3egtLzFgteqB2tcT4Mw7B8Kt7JcDHmltjz6FOAHsvTevk70gZEbhM4ZS9Q==",
      "bin": true
    },
    "regenerator-runtime@0.13.11": {
      "integrity": "sha512-kY1AZVr2Ra+t+piVaJ4gxaFaReZVH40AKNo7UCX6W+dEwBo/2oZJzqfuN1qLq1oL45o56cPaTXELwrTh8Fpggg=="
    },
    "tesseract.js-core@6.0.0": {
      "integrity": "sha512-1Qncm/9oKM7xgrQXZXNB+NRh19qiXGhxlrR8EwFbK5SaUbPZnS5OMtP/ghtqfd23hsr1ZvZbZjeuAGcMxd/ooA=="
    },
    "tesseract.js@6.0.1": {
      "integrity": "sha512-/sPvMvrCtgxnNRCjbTYbr7BRu0yfWDsMZQ2a/T5aN/L1t8wUQN6tTWv6p6FwzpoEBA0jrN2UD2SX4QQFRdoDbA==",
      "dependencies": [
        "bmp-js",
        "idb-keyval",
        "is-url",
        "node-fetch",
        "opencollective-postinstall",
        "regenerator-runtime",
        "tesseract.js-core",
        "wasm-feature-detect",
        "zlibjs"
      ],
      "scripts": true
    },
    "tr46@0.0.3": {
      "integrity": "sha512-N3WMsuqV66lT30CrXNbEjx4GEwlow3v6rr4mCcv6prnfwhS01rkgyFdjPNBYd9br7LpXV1+Emh01fHnq2Gdgrw=="
    },
    "undici-types@6.21.0": {
      "integrity": "sha512-iwDZqg0QAGrg9Rav5H4n0M64c3mkR59cJ6wQp+7C4nI0gsmExaedaYLNO44eT4AtBBwjbTiGPMlt2Md0T9H9JQ=="
    },
    "wasm-feature-detect@1.8.0": {
      "integrity": "sha512-zksaLKM2fVlnB5jQQDqKXXwYHLQUVH9es+5TOOHwGOVJOCeRBCiPjwSg+3tN2AdTCzjgli4jijCH290kXb/zWQ=="
    },
    "webidl-conversions@3.0.1": {
      "integrity": "sha512-2JAn3z8AR6rjK8Sm8orRC0h/bcl/DqL7tRPdGZ4I1CjdF+EaMLmYxBHyXuKL849eucPFhvBoxMsflfOb8kxaeQ=="
    },
    "whatwg-url@5.0.0": {
      "integrity": "sha512-saE57nupxk6v3HY35+jzBwYa0rKSy0XR8JSxZPwgLr7ys0IBzhGviA1/TUGJLmSVqs8pb9AnvICXEuOHLprYTw==",
      "dependencies": [
        "tr46",
        "webidl-conversions"
      ]
    },
    "zlibjs@0.3.1": {
      "integrity": "sha512-+J9RrgTKOmlxFSDHo0pI1xM6BLVUv+o0ZT9ANtCxGkjIVCCUdx9alUF8Gm+dGLKbkkkidWIHFDZHDMpfITt4+w=="
    }
  },
  "workspace": {
    "dependencies": [
      "jsr:@gfx/canvas@~0.5.8",
      "jsr:@std/assert@^1.0.8",
      "jsr:@std/cli@^1.0.6",
      "jsr:@std/csv@^1.0.4",
      "jsr:@std/encoding@^1.0.5",
      "jsr:@std/expect@^1.0.8",
      "jsr:@std/fs@^1.0.5",
      "jsr:@std/path@^1.0.8",
      "jsr:@std/testing@^1.0.5",
      "npm:openai@^5.6.0"
    ]
  }
}
